
Microsoft Visual Studio Solution File, Format Version 12.00
# Visual Studio Version 17
VisualStudioVersion = 17.5.33530.505
MinimumVisualStudioVersion = 10.0.40219.1
Project("{FAE04EC0-301F-11D3-BF4B-00C04F79EFBC}") = "SessionTokenApi", "SessionTokenApi\SessionTokenApi.csproj", "{C2A788D2-3494-4F42-BA15-0819F0D7C4FC}"
EndProject
Global
	GlobalSection(SolutionConfigurationPlatforms) = preSolution
		Debug|Any CPU = Debug|Any CPU
		Release|Any CPU = Release|Any CPU
	EndGlobalSection
	GlobalSection(ProjectConfigurationPlatforms) = postSolution
		{C2A788D2-3494-4F42-BA15-0819F0D7C4FC}.Debug|Any CPU.ActiveCfg = Debug|Any CPU
		{C2A788D2-3494-4F42-BA15-0819F0D7C4FC}.Debug|Any CPU.Build.0 = Debug|Any CPU
		{C2A788D2-3494-4F42-BA15-0819F0D7C4FC}.Release|Any CPU.ActiveCfg = Release|Any CPU
		{C2A788D2-3494-4F42-BA15-0819F0D7C4FC}.Release|Any CPU.Build.0 = Release|Any CPU
	EndGlobalSection
	GlobalSection(SolutionProperties) = preSolution
		HideSolutionNode = FALSE
	EndGlobalSection
	GlobalSection(ExtensibilityGlobals) = postSolution
		SolutionGuid = {0627093D-5C92-430A-873B-599EF92B2746}
	EndGlobalSection
EndGlobal
